
Microsoft Visual Studio Solution File, Format Version 12.00
# Visual Studio Version 17
VisualStudioVersion = 17.10.34928.147
MinimumVisualStudioVersion = 10.0.40219.1
Project("{9A19103F-16F7-4668-BE54-9A1E7A4F7556}") = "TetrisCs", "TetrisCs\TetrisCs.csproj", "{47E96317-2305-4241-B443-C995D7234C65}"
EndProject
Global
	GlobalSection(SolutionConfigurationPlatforms) = preSolution
		Debug|Any CPU = Debug|Any CPU
		Release|Any CPU = Release|Any CPU
	EndGlobalSection
	GlobalSection(ProjectConfigurationPlatforms) = postSolution
		{47E96317-2305-4241-B443-C995D7234C65}.Debug|Any CPU.ActiveCfg = Debug|Any CPU
		{47E96317-2305-4241-B443-C995D7234C65}.Debug|Any CPU.Build.0 = Debug|Any CPU
		{47E96317-2305-4241-B443-C995D7234C65}.Release|Any CPU.ActiveCfg = Release|Any CPU
		{47E96317-2305-4241-B443-C995D7234C65}.Release|Any CPU.Build.0 = Release|Any CPU
	EndGlobalSection
	GlobalSection(SolutionProperties) = preSolution
		HideSolutionNode = FALSE
	EndGlobalSection
	GlobalSection(ExtensibilityGlobals) = postSolution
		SolutionGuid = {481AD98D-4EE1-4153-831E-EB3ABB84372D}
	EndGlobalSection
EndGlobal
